
Microsoft Visual Studio Solution File, Format Version 12.00
# Visual Studio Version 17
VisualStudioVersion = 17.0.31903.59
MinimumVisualStudioVersion = 10.0.40219.1
Project("{2150E333-8FDC-42A3-9474-1A3956D46DE8}") = "backend", "backend", "{3ACB7C26-A706-452C-A11D-68F94AEA3D07}"
EndProject
Project("{2150E333-8FDC-42A3-9474-1A3956D46DE8}") = "src", "src", "{C1E7495F-29A7-49D3-B8CA-3B4521D3E028}"
EndProject
Project("{FAE04EC0-301F-11D3-BF4B-00C04F79EFBC}") = "WestCoastFitness.Api", "src\WestCoastFitness.Api\WestCoastFitness.Api.csproj", "{C1A25340-5EE5-432A-9126-004013D73121}"
EndProject
Project("{2150E333-8FDC-42A3-9474-1A3956D46DE8}") = "tests", "tests", "{0902D29E-C173-4E0C-9EED-F9EBC1CD1A1C}"
EndProject
Project("{FAE04EC0-301F-11D3-BF4B-00C04F79EFBC}") = "WestCoastFitness.Api.Tests", "tests\WestCoastFitness.Api.Tests\WestCoastFitness.Api.Tests.csproj", "{E38A0C0D-1E6D-4710-82E6-1296A5CE885E}"
EndProject
Global
	GlobalSection(SolutionConfigurationPlatforms) = preSolution
		Debug|Any CPU = Debug|Any CPU
		Release|Any CPU = Release|Any CPU
	EndGlobalSection
	GlobalSection(SolutionProperties) = preSolution
		HideSolutionNode = FALSE
	EndGlobalSection
	GlobalSection(ProjectConfigurationPlatforms) = postSolution
		{C1A25340-5EE5-432A-9126-004013D73121}.Debug|Any CPU.ActiveCfg = Debug|Any CPU
		{C1A25340-5EE5-432A-9126-004013D73121}.Debug|Any CPU.Build.0 = Debug|Any CPU
		{C1A25340-5EE5-432A-9126-004013D73121}.Release|Any CPU.ActiveCfg = Release|Any CPU
		{C1A25340-5EE5-432A-9126-004013D73121}.Release|Any CPU.Build.0 = Release|Any CPU
		{E38A0C0D-1E6D-4710-82E6-1296A5CE885E}.Debug|Any CPU.ActiveCfg = Debug|Any CPU
		{E38A0C0D-1E6D-4710-82E6-1296A5CE885E}.Debug|Any CPU.Build.0 = Debug|Any CPU
		{E38A0C0D-1E6D-4710-82E6-1296A5CE885E}.Release|Any CPU.ActiveCfg = Release|Any CPU
		{E38A0C0D-1E6D-4710-82E6-1296A5CE885E}.Release|Any CPU.Build.0 = Release|Any CPU
	EndGlobalSection
	GlobalSection(NestedProjects) = preSolution
		{C1E7495F-29A7-49D3-B8CA-3B4521D3E028} = {3ACB7C26-A706-452C-A11D-68F94AEA3D07}
		{C1A25340-5EE5-432A-9126-004013D73121} = {C1E7495F-29A7-49D3-B8CA-3B4521D3E028}
		{0902D29E-C173-4E0C-9EED-F9EBC1CD1A1C} = {3ACB7C26-A706-452C-A11D-68F94AEA3D07}
		{E38A0C0D-1E6D-4710-82E6-1296A5CE885E} = {0902D29E-C173-4E0C-9EED-F9EBC1CD1A1C}
	EndGlobalSection
EndGlobal
